
Microsoft Visual Studio Solution File, Format Version 12.00
# Visual Studio Version 17
VisualStudioVersion = 17.14.36408.4
MinimumVisualStudioVersion = 10.0.40219.1
Project("{FAE04EC0-301F-11D3-BF4B-00C04F79EFBC}") = "20220534 Advanced Programming Assessment 1", "20220534 Advanced Programming Assessment 1.csproj", "{475BD609-5DFF-48DE-AB45-D64281314431}"
EndProject
Project("{FAE04EC0-301F-11D3-BF4B-00C04F79EFBC}") = "AssessmentUnitTestProject", "..\AssessmentUnitTestProject\AssessmentUnitTestProject.csproj", "{34E46AC5-1E70-4D83-AC33-C66596A1A087}"
EndProject
Global
	GlobalSection(SolutionConfigurationPlatforms) = preSolution
		Debug|Any CPU = Debug|Any CPU
		Release|Any CPU = Release|Any CPU
	EndGlobalSection
	GlobalSection(ProjectConfigurationPlatforms) = postSolution
		{475BD609-5DFF-48DE-AB45-D64281314431}.Debug|Any CPU.ActiveCfg = Debug|Any CPU
		{475BD609-5DFF-48DE-AB45-D64281314431}.Debug|Any CPU.Build.0 = Debug|Any CPU
		{475BD609-5DFF-48DE-AB45-D64281314431}.Release|Any CPU.ActiveCfg = Release|Any CPU
		{475BD609-5DFF-48DE-AB45-D64281314431}.Release|Any CPU.Build.0 = Release|Any CPU
		{34E46AC5-1E70-4D83-AC33-C66596A1A087}.Debug|Any CPU.ActiveCfg = Debug|Any CPU
		{34E46AC5-1E70-4D83-AC33-C66596A1A087}.Debug|Any CPU.Build.0 = Debug|Any CPU
		{34E46AC5-1E70-4D83-AC33-C66596A1A087}.Release|Any CPU.ActiveCfg = Release|Any CPU
		{34E46AC5-1E70-4D83-AC33-C66596A1A087}.Release|Any CPU.Build.0 = Release|Any CPU
	EndGlobalSection
	GlobalSection(SolutionProperties) = preSolution
		HideSolutionNode = FALSE
	EndGlobalSection
	GlobalSection(ExtensibilityGlobals) = postSolution
		SolutionGuid = {DF8F63D1-962F-459C-A370-41E77FA77FEA}
	EndGlobalSection
EndGlobal
